
Microsoft Visual Studio Solution File, Format Version 12.00
# Visual Studio Version 17
VisualStudioVersion = 17.14.36804.6 d17.14
MinimumVisualStudioVersion = 10.0.40219.1
Project("{FAE04EC0-301F-11D3-BF4B-00C04F79EFBC}") = "aula-dia25-05", "aula-dia25-05\aula-dia25-05.csproj", "{B2AEB90C-2826-4BA9-9155-E2A5E3CEC5FC}"
EndProject
Global
	GlobalSection(SolutionConfigurationPlatforms) = preSolution
		Debug|Any CPU = Debug|Any CPU
		Release|Any CPU = Release|Any CPU
	EndGlobalSection
	GlobalSection(ProjectConfigurationPlatforms) = postSolution
		{B2AEB90C-2826-4BA9-9155-E2A5E3CEC5FC}.Debug|Any CPU.ActiveCfg = Debug|Any CPU
		{B2AEB90C-2826-4BA9-9155-E2A5E3CEC5FC}.Debug|Any CPU.Build.0 = Debug|Any CPU
		{B2AEB90C-2826-4BA9-9155-E2A5E3CEC5FC}.Release|Any CPU.ActiveCfg = Release|Any CPU
		{B2AEB90C-2826-4BA9-9155-E2A5E3CEC5FC}.Release|Any CPU.Build.0 = Release|Any CPU
	EndGlobalSection
	GlobalSection(SolutionProperties) = preSolution
		HideSolutionNode = FALSE
	EndGlobalSection
	GlobalSection(ExtensibilityGlobals) = postSolution
		SolutionGuid = {F871DAD3-032A-47D9-815E-944752D46606}
	EndGlobalSection
EndGlobal
