
Microsoft Visual Studio Solution File, Format Version 12.00
# Visual Studio Version 17
VisualStudioVersion = 17.14.36804.6 d17.14
MinimumVisualStudioVersion = 10.0.40219.1
Project("{FAE04EC0-301F-11D3-BF4B-00C04F79EFBC}") = "Aula dia 25-05 wil2", "Aula dia 25-05 wil2\Aula dia 25-05 wil2.csproj", "{F82171FF-E49F-4A83-A115-DB69F2CD655E}"
EndProject
Global
	GlobalSection(SolutionConfigurationPlatforms) = preSolution
		Debug|Any CPU = Debug|Any CPU
		Release|Any CPU = Release|Any CPU
	EndGlobalSection
	GlobalSection(ProjectConfigurationPlatforms) = postSolution
		{F82171FF-E49F-4A83-A115-DB69F2CD655E}.Debug|Any CPU.ActiveCfg = Debug|Any CPU
		{F82171FF-E49F-4A83-A115-DB69F2CD655E}.Debug|Any CPU.Build.0 = Debug|Any CPU
		{F82171FF-E49F-4A83-A115-DB69F2CD655E}.Release|Any CPU.ActiveCfg = Release|Any CPU
		{F82171FF-E49F-4A83-A115-DB69F2CD655E}.Release|Any CPU.Build.0 = Release|Any CPU
	EndGlobalSection
	GlobalSection(SolutionProperties) = preSolution
		HideSolutionNode = FALSE
	EndGlobalSection
	GlobalSection(ExtensibilityGlobals) = postSolution
		SolutionGuid = {B4D9561C-BB8E-4236-8EDB-B00EAD4BA0DC}
	EndGlobalSection
EndGlobal
